// !$*UTF8*$!
{
	archiveVersion = 1;
	classes = {
	};
	objectVersion = 46;
	objects = {

/* Begin PBXBuildFile section */
		70A923FA69F29771D2BBFD56 /* Pods_TaigaMobile.framework in Frameworks */ = {isa = PBXBuildFile; fileRef = DB2061876BC8B25383BF921F /* Pods_TaigaMobile.framework */; };
		D11487BE1E9F29AB00984B0E /* AppDelegate.swift in Sources */ = {isa = PBXBuildFile; fileRef = D11487B51E9F29AB00984B0E /* AppDelegate.swift */; };
		D11487BF1E9F29AB00984B0E /* Assets.xcassets in Resources */ = {isa = PBXBuildFile; fileRef = D11487B81E9F29AB00984B0E /* Assets.xcassets */; };
		D11487C01E9F29AB00984B0E /* LaunchScreen.storyboard in Resources */ = {isa = PBXBuildFile; fileRef = D11487B91E9F29AB00984B0E /* LaunchScreen.storyboard */; };
		D11487C11E9F29AB00984B0E /* Main.storyboard in Resources */ = {isa = PBXBuildFile; fileRef = D11487BB1E9F29AB00984B0E /* Main.storyboard */; };
		D11487C51E9F2AE700984B0E /* LoginViewController.swift in Sources */ = {isa = PBXBuildFile; fileRef = D11487C41E9F2AE700984B0E /* LoginViewController.swift */; };
		D14F35FA1EA46D4C00C60A89 /* TMAPIManager.swift in Sources */ = {isa = PBXBuildFile; fileRef = D14F35F91EA46D4C00C60A89 /* TMAPIManager.swift */; };
		D178E9CF1EAF6B0D0027DEEC /* MainViewController.swift in Sources */ = {isa = PBXBuildFile; fileRef = D178E9CE1EAF6B0D0027DEEC /* MainViewController.swift */; };
		D178E9D21EB059580027DEEC /* Utils.swift in Sources */ = {isa = PBXBuildFile; fileRef = D178E9D11EB059580027DEEC /* Utils.swift */; };
		D178E9D41EB087D90027DEEC /* User.swift in Sources */ = {isa = PBXBuildFile; fileRef = D178E9D31EB087D90027DEEC /* User.swift */; };
/* End PBXBuildFile section */

/* Begin PBXFileReference section */
		3D16EA2CE7C33E62F0AB5618 /* Pods-TaigaMobile.debug.xcconfig */ = {isa = PBXFileReference; includeInIndex = 1; lastKnownFileType = text.xcconfig; name = "Pods-TaigaMobile.debug.xcconfig"; path = "Pods/Target Support Files/Pods-TaigaMobile/Pods-TaigaMobile.debug.xcconfig"; sourceTree = "<group>"; };
		D114879F1E9F200D00984B0E /* TaigaMobile.app */ = {isa = PBXFileReference; explicitFileType = wrapper.application; includeInIndex = 0; path = TaigaMobile.app; sourceTree = BUILT_PRODUCTS_DIR; };
		D11487AE1E9F200D00984B0E /* Info.plist */ = {isa = PBXFileReference; lastKnownFileType = text.plist.xml; path = Info.plist; sourceTree = "<group>"; };
		D11487B51E9F29AB00984B0E /* AppDelegate.swift */ = {isa = PBXFileReference; fileEncoding = 4; lastKnownFileType = sourcecode.swift; path = AppDelegate.swift; sourceTree = "<group>"; };
		D11487B81E9F29AB00984B0E /* Assets.xcassets */ = {isa = PBXFileReference; lastKnownFileType = folder.assetcatalog; path = Assets.xcassets; sourceTree = "<group>"; };
		D11487BA1E9F29AB00984B0E /* Base */ = {isa = PBXFileReference; lastKnownFileType = file.storyboard; name = Base; path = Base.lproj/LaunchScreen.storyboard; sourceTree = "<group>"; };
		D11487BC1E9F29AB00984B0E /* Base */ = {isa = PBXFileReference; lastKnownFileType = file.storyboard; name = Base; path = Base.lproj/Main.storyboard; sourceTree = "<group>"; };
		D11487C41E9F2AE700984B0E /* LoginViewController.swift */ = {isa = PBXFileReference; fileEncoding = 4; lastKnownFileType = sourcecode.swift; path = LoginViewController.swift; sourceTree = "<group>"; };
		D14F35F91EA46D4C00C60A89 /* TMAPIManager.swift */ = {isa = PBXFileReference; fileEncoding = 4; lastKnownFileType = sourcecode.swift; path = TMAPIManager.swift; sourceTree = "<group>"; };
		D178E9CE1EAF6B0D0027DEEC /* MainViewController.swift */ = {isa = PBXFileReference; fileEncoding = 4; lastKnownFileType = sourcecode.swift; path = MainViewController.swift; sourceTree = "<group>"; };
		D178E9D11EB059580027DEEC /* Utils.swift */ = {isa = PBXFileReference; fileEncoding = 4; lastKnownFileType = sourcecode.swift; path = Utils.swift; sourceTree = "<group>"; };
		D178E9D31EB087D90027DEEC /* User.swift */ = {isa = PBXFileReference; fileEncoding = 4; lastKnownFileType = sourcecode.swift; path = User.swift; sourceTree = "<group>"; };
		DB2061876BC8B25383BF921F /* Pods_TaigaMobile.framework */ = {isa = PBXFileReference; explicitFileType = wrapper.framework; includeInIndex = 0; path = Pods_TaigaMobile.framework; sourceTree = BUILT_PRODUCTS_DIR; };
		DCAB40A8C2324894E2D0061A /* Pods-TaigaMobile.release.xcconfig */ = {isa = PBXFileReference; includeInIndex = 1; lastKnownFileType = text.xcconfig; name = "Pods-TaigaMobile.release.xcconfig"; path = "Pods/Target Support Files/Pods-TaigaMobile/Pods-TaigaMobile.release.xcconfig"; sourceTree = "<group>"; };
/* End PBXFileReference section */

/* Begin PBXFrameworksBuildPhase section */
		D114879C1E9F200D00984B0E /* Frameworks */ = {
			isa = PBXFrameworksBuildPhase;
			buildActionMask = 2147483647;
			files = (
				70A923FA69F29771D2BBFD56 /* Pods_TaigaMobile.framework in Frameworks */,
			);
			runOnlyForDeploymentPostprocessing = 0;
		};
/* End PBXFrameworksBuildPhase section */

/* Begin PBXGroup section */
		1B863912938567531685B792 /* Frameworks */ = {
			isa = PBXGroup;
			children = (
				DB2061876BC8B25383BF921F /* Pods_TaigaMobile.framework */,
			);
			name = Frameworks;
			sourceTree = "<group>";
		};
		D11487961E9F200C00984B0E = {
			isa = PBXGroup;
			children = (
				D11487A11E9F200D00984B0E /* TaigaMobile */,
				D11487A01E9F200D00984B0E /* Products */,
				F768885C9ADB7072BC0E500F /* Pods */,
				1B863912938567531685B792 /* Frameworks */,
			);
			sourceTree = "<group>";
		};
		D11487A01E9F200D00984B0E /* Products */ = {
			isa = PBXGroup;
			children = (
				D114879F1E9F200D00984B0E /* TaigaMobile.app */,
			);
			name = Products;
			sourceTree = "<group>";
		};
		D11487A11E9F200D00984B0E /* TaigaMobile */ = {
			isa = PBXGroup;
			children = (
				D178E9D01EB059480027DEEC /* Utils */,
				D14F35F81EA46D3500C60A89 /* API */,
				D11487B41E9F29AB00984B0E /* Application */,
				D11487B61E9F29AB00984B0E /* Model */,
				D11487BD1E9F29AB00984B0E /* ViewController */,
				D11487B71E9F29AB00984B0E /* Resource */,
				D11487C21E9F29B200984B0E /* SupportingFiles */,
			);
			path = TaigaMobile;
			sourceTree = "<group>";
		};
		D11487B41E9F29AB00984B0E /* Application */ = {
			isa = PBXGroup;
			children = (
				D11487B51E9F29AB00984B0E /* AppDelegate.swift */,
			);
			path = Application;
			sourceTree = "<group>";
		};
		D11487B61E9F29AB00984B0E /* Model */ = {
			isa = PBXGroup;
			children = (
				D178E9D31EB087D90027DEEC /* User.swift */,
			);
			path = Model;
			sourceTree = "<group>";
		};
		D11487B71E9F29AB00984B0E /* Resource */ = {
			isa = PBXGroup;
			children = (
				D11487B81E9F29AB00984B0E /* Assets.xcassets */,
				D11487B91E9F29AB00984B0E /* LaunchScreen.storyboard */,
				D11487BB1E9F29AB00984B0E /* Main.storyboard */,
			);
			path = Resource;
			sourceTree = "<group>";
		};
		D11487BD1E9F29AB00984B0E /* ViewController */ = {
			isa = PBXGroup;
			children = (
				D178E9CD1EAF6AFE0027DEEC /* MainViewController */,
				D11487C31E9F2AD000984B0E /* LoginViewController */,
			);
			path = ViewController;
			sourceTree = "<group>";
		};
		D11487C21E9F29B200984B0E /* SupportingFiles */ = {
			isa = PBXGroup;
			children = (
				D11487AE1E9F200D00984B0E /* Info.plist */,
			);
			name = SupportingFiles;
			sourceTree = "<group>";
		};
		D11487C31E9F2AD000984B0E /* LoginViewController */ = {
			isa = PBXGroup;
			children = (
				D11487C41E9F2AE700984B0E /* LoginViewController.swift */,
			);
			path = LoginViewController;
			sourceTree = "<group>";
		};
		D14F35F81EA46D3500C60A89 /* API */ = {
			isa = PBXGroup;
			children = (
				D14F35F91EA46D4C00C60A89 /* TMAPIManager.swift */,
			);
			path = API;
			sourceTree = "<group>";
		};
		D178E9CD1EAF6AFE0027DEEC /* MainViewController */ = {
			isa = PBXGroup;
			children = (
				D178E9CE1EAF6B0D0027DEEC /* MainViewController.swift */,
			);
			path = MainViewController;
			sourceTree = "<group>";
		};
		D178E9D01EB059480027DEEC /* Utils */ = {
			isa = PBXGroup;
			children = (
				D178E9D11EB059580027DEEC /* Utils.swift */,
			);
			path = Utils;
			sourceTree = "<group>";
		};
		F768885C9ADB7072BC0E500F /* Pods */ = {
			isa = PBXGroup;
			children = (
				3D16EA2CE7C33E62F0AB5618 /* Pods-TaigaMobile.debug.xcconfig */,
				DCAB40A8C2324894E2D0061A /* Pods-TaigaMobile.release.xcconfig */,
			);
			name = Pods;
			sourceTree = "<group>";
		};
/* End PBXGroup section */

/* Begin PBXNativeTarget section */
		D114879E1E9F200D00984B0E /* TaigaMobile */ = {
			isa = PBXNativeTarget;
			buildConfigurationList = D11487B11E9F200D00984B0E /* Build configuration list for PBXNativeTarget "TaigaMobile" */;
			buildPhases = (
				FC03B1B59C6904B46B3686EC /* [CP] Check Pods Manifest.lock */,
				D114879B1E9F200D00984B0E /* Sources */,
				D114879C1E9F200D00984B0E /* Frameworks */,
				D114879D1E9F200D00984B0E /* Resources */,
				27AE8CE2547B83EC075F1957 /* [CP] Embed Pods Frameworks */,
				1AFD7F2A60C4D95546640E3D /* [CP] Copy Pods Resources */,
			);
			buildRules = (
			);
			dependencies = (
			);
			name = TaigaMobile;
			productName = TaigaMobile;
			productReference = D114879F1E9F200D00984B0E /* TaigaMobile.app */;
			productType = "com.apple.product-type.application";
		};
/* End PBXNativeTarget section */

/* Begin PBXProject section */
		D11487971E9F200C00984B0E /* Project object */ = {
			isa = PBXProject;
			attributes = {
				LastSwiftUpdateCheck = 0830;
				LastUpgradeCheck = 0830;
				ORGANIZATIONNAME = "Dinh Thanh An";
				TargetAttributes = {
					D114879E1E9F200D00984B0E = {
						CreatedOnToolsVersion = 8.3;
						ProvisioningStyle = Automatic;
					};
				};
			};
			buildConfigurationList = D114879A1E9F200D00984B0E /* Build configuration list for PBXProject "TaigaMobile" */;
			compatibilityVersion = "Xcode 3.2";
			developmentRegion = English;
			hasScannedForEncodings = 0;
			knownRegions = (
				en,
				Base,
			);
			mainGroup = D11487961E9F200C00984B0E;
			productRefGroup = D11487A01E9F200D00984B0E /* Products */;
			projectDirPath = "";
			projectRoot = "";
			targets = (
				D114879E1E9F200D00984B0E /* TaigaMobile */,
			);
		};
/* End PBXProject section */

/* Begin PBXResourcesBuildPhase section */
		D114879D1E9F200D00984B0E /* Resources */ = {
			isa = PBXResourcesBuildPhase;
			buildActionMask = 2147483647;
			files = (
				D11487C11E9F29AB00984B0E /* Main.storyboard in Resources */,
				D11487BF1E9F29AB00984B0E /* Assets.xcassets in Resources */,
				D11487C01E9F29AB00984B0E /* LaunchScreen.storyboard in Resources */,
			);
			runOnlyForDeploymentPostprocessing = 0;
		};
/* End PBXResourcesBuildPhase section */

/* Begin PBXShellScriptBuildPhase section */
		1AFD7F2A60C4D95546640E3D /* [CP] Copy Pods Resources */ = {
			isa = PBXShellScriptBuildPhase;
			buildActionMask = 2147483647;
			files = (
			);
			inputPaths = (
			);
			name = "[CP] Copy Pods Resources";
			outputPaths = (
			);
			runOnlyForDeploymentPostprocessing = 0;
			shellPath = /bin/sh;
			shellScript = "\"${SRCROOT}/Pods/Target Support Files/Pods-TaigaMobile/Pods-TaigaMobile-resources.sh\"\n";
			showEnvVarsInLog = 0;
		};
		27AE8CE2547B83EC075F1957 /* [CP] Embed Pods Frameworks */ = {
			isa = PBXShellScriptBuildPhase;
			buildActionMask = 2147483647;
			files = (
			);
			inputPaths = (
			);
			name = "[CP] Embed Pods Frameworks";
			outputPaths = (
			);
			runOnlyForDeploymentPostprocessing = 0;
			shellPath = /bin/sh;
			shellScript = "\"${SRCROOT}/Pods/Target Support Files/Pods-TaigaMobile/Pods-TaigaMobile-frameworks.sh\"\n";
			showEnvVarsInLog = 0;
		};
		FC03B1B59C6904B46B3686EC /* [CP] Check Pods Manifest.lock */ = {
			isa = PBXShellScriptBuildPhase;
			buildActionMask = 2147483647;
			files = (
			);
			inputPaths = (
			);
			name = "[CP] Check Pods Manifest.lock";
			outputPaths = (
			);
			runOnlyForDeploymentPostprocessing = 0;
			shellPath = /bin/sh;
			shellScript = "diff \"${PODS_ROOT}/../Podfile.lock\" \"${PODS_ROOT}/Manifest.lock\" > /dev/null\nif [ $? != 0 ] ; then\n    # print error to STDERR\n    echo \"error: The sandbox is not in sync with the Podfile.lock. Run 'pod install' or update your CocoaPods installation.\" >&2\n    exit 1\nfi\n";
			showEnvVarsInLog = 0;
		};
/* End PBXShellScriptBuildPhase section */

/* Begin PBXSourcesBuildPhase section */
		D114879B1E9F200D00984B0E /* Sources */ = {
			isa = PBXSourcesBuildPhase;
			buildActionMask = 2147483647;
			files = (
				D178E9D21EB059580027DEEC /* Utils.swift in Sources */,
				D11487C51E9F2AE700984B0E /* LoginViewController.swift in Sources */,
				D178E9D41EB087D90027DEEC /* User.swift in Sources */,
				D11487BE1E9F29AB00984B0E /* AppDelegate.swift in Sources */,
				D14F35FA1EA46D4C00C60A89 /* TMAPIManager.swift in Sources */,
				D178E9CF1EAF6B0D0027DEEC /* MainViewController.swift in Sources */,
			);
			runOnlyForDeploymentPostprocessing = 0;
		};
/* End PBXSourcesBuildPhase section */

/* Begin PBXVariantGroup section */
		D11487B91E9F29AB00984B0E /* LaunchScreen.storyboard */ = {
			isa = PBXVariantGroup;
			children = (
				D11487BA1E9F29AB00984B0E /* Base */,
			);
			name = LaunchScreen.storyboard;
			sourceTree = "<group>";
		};
		D11487BB1E9F29AB00984B0E /* Main.storyboard */ = {
			isa = PBXVariantGroup;
			children = (
				D11487BC1E9F29AB00984B0E /* Base */,
			);
			name = Main.storyboard;
			sourceTree = "<group>";
		};
/* End PBXVariantGroup section */

/* Begin XCBuildConfiguration section */
		D11487AF1E9F200D00984B0E /* Debug */ = {
			isa = XCBuildConfiguration;
			buildSettings = {
				ALWAYS_SEARCH_USER_PATHS = NO;
				CLANG_ANALYZER_NONNULL = YES;
				CLANG_ANALYZER_NUMBER_OBJECT_CONVERSION = YES_AGGRESSIVE;
				CLANG_CXX_LANGUAGE_STANDARD = "gnu++0x";
				CLANG_CXX_LIBRARY = "libc++";
				CLANG_ENABLE_MODULES = YES;
				CLANG_ENABLE_OBJC_ARC = YES;
				CLANG_WARN_BOOL_CONVERSION = YES;
				CLANG_WARN_CONSTANT_CONVERSION = YES;
				CLANG_WARN_DIRECT_OBJC_ISA_USAGE = YES_ERROR;
				CLANG_WARN_DOCUMENTATION_COMMENTS = YES;
				CLANG_WARN_EMPTY_BODY = YES;
				CLANG_WARN_ENUM_CONVERSION = YES;
				CLANG_WARN_INFINITE_RECURSION = YES;
				CLANG_WARN_INT_CONVERSION = YES;
				CLANG_WARN_OBJC_ROOT_CLASS = YES_ERROR;
				CLANG_WARN_SUSPICIOUS_MOVE = YES;
				CLANG_WARN_UNREACHABLE_CODE = YES;
				CLANG_WARN__DUPLICATE_METHOD_MATCH = YES;
				"CODE_SIGN_IDENTITY[sdk=iphoneos*]" = "iPhone Developer";
				COPY_PHASE_STRIP = NO;
				DEBUG_INFORMATION_FORMAT = dwarf;
				ENABLE_STRICT_OBJC_MSGSEND = YES;
				ENABLE_TESTABILITY = YES;
				GCC_C_LANGUAGE_STANDARD = gnu99;
				GCC_DYNAMIC_NO_PIC = NO;
				GCC_NO_COMMON_BLOCKS = YES;
				GCC_OPTIMIZATION_LEVEL = 0;
				GCC_PREPROCESSOR_DEFINITIONS = (
					"DEBUG=1",
					"$(inherited)",
				);
				GCC_WARN_64_TO_32_BIT_CONVERSION = YES;
				GCC_WARN_ABOUT_RETURN_TYPE = YES_ERROR;
				GCC_WARN_UNDECLARED_SELECTOR = YES;
				GCC_WARN_UNINITIALIZED_AUTOS = YES_AGGRESSIVE;
				GCC_WARN_UNUSED_FUNCTION = YES;
				GCC_WARN_UNUSED_VARIABLE = YES;
				IPHONEOS_DEPLOYMENT_TARGET = 10.3;
				MTL_ENABLE_DEBUG_INFO = YES;
				ONLY_ACTIVE_ARCH = YES;
				SDKROOT = iphoneos;
				SWIFT_ACTIVE_COMPILATION_CONDITIONS = DEBUG;
				SWIFT_OPTIMIZATION_LEVEL = "-Onone";
				TARGETED_DEVICE_FAMILY = "1,2";
			};
			name = Debug;
		};
		D11487B01E9F200D00984B0E /* Release */ = {
			isa = XCBuildConfiguration;
			buildSettings = {
				ALWAYS_SEARCH_USER_PATHS = NO;
				CLANG_ANALYZER_NONNULL = YES;
				CLANG_ANALYZER_NUMBER_OBJECT_CONVERSION = YES_AGGRESSIVE;
				CLANG_CXX_LANGUAGE_STANDARD = "gnu++0x";
				CLANG_CXX_LIBRARY = "libc++";
				CLANG_ENABLE_MODULES = YES;
				CLANG_ENABLE_OBJC_ARC = YES;
				CLANG_WARN_BOOL_CONVERSION = YES;
				CLANG_WARN_CONSTANT_CONVERSION = YES;
				CLANG_WARN_DIRECT_OBJC_ISA_USAGE = YES_ERROR;
				CLANG_WARN_DOCUMENTATION_COMMENTS = YES;
				CLANG_WARN_EMPTY_BODY = YES;
				CLANG_WARN_ENUM_CONVERSION = YES;
				CLANG_WARN_INFINITE_RECURSION = YES;
				CLANG_WARN_INT_CONVERSION = YES;
				CLANG_WARN_OBJC_ROOT_CLASS = YES_ERROR;
				CLANG_WARN_SUSPICIOUS_MOVE = YES;
				CLANG_WARN_UNREACHABLE_CODE = YES;
				CLANG_WARN__DUPLICATE_METHOD_MATCH = YES;
				"CODE_SIGN_IDENTITY[sdk=iphoneos*]" = "iPhone Developer";
				COPY_PHASE_STRIP = NO;
				DEBUG_INFORMATION_FORMAT = "dwarf-with-dsym";
				ENABLE_NS_ASSERTIONS = NO;
				ENABLE_STRICT_OBJC_MSGSEND = YES;
				GCC_C_LANGUAGE_STANDARD = gnu99;
				GCC_NO_COMMON_BLOCKS = YES;
				GCC_WARN_64_TO_32_BIT_CONVERSION = YES;
				GCC_WARN_ABOUT_RETURN_TYPE = YES_ERROR;
				GCC_WARN_UNDECLARED_SELECTOR = YES;
				GCC_WARN_UNINITIALIZED_AUTOS = YES_AGGRESSIVE;
				GCC_WARN_UNUSED_FUNCTION = YES;
				GCC_WARN_UNUSED_VARIABLE = YES;
				IPHONEOS_DEPLOYMENT_TARGET = 10.3;
				MTL_ENABLE_DEBUG_INFO = NO;
				SDKROOT = iphoneos;
				SWIFT_OPTIMIZATION_LEVEL = "-Owholemodule";
				TARGETED_DEVICE_FAMILY = "1,2";
				VALIDATE_PRODUCT = YES;
			};
			name = Release;
		};
		D11487B21E9F200D00984B0E /* Debug */ = {
			isa = XCBuildConfiguration;
			baseConfigurationReference = 3D16EA2CE7C33E62F0AB5618 /* Pods-TaigaMobile.debug.xcconfig */;
			buildSettings = {
				ASSETCATALOG_COMPILER_APPICON_NAME = AppIcon;
				INFOPLIST_FILE = TaigaMobile/Info.plist;
				IPHONEOS_DEPLOYMENT_TARGET = 10.0;
				LD_RUNPATH_SEARCH_PATHS = "$(inherited) @executable_path/Frameworks";
				PRODUCT_BUNDLE_IDENTIFIER = an.TaigaMobile;
				PRODUCT_NAME = "$(TARGET_NAME)";
				SWIFT_VERSION = 3.0;
			};
			name = Debug;
		};
		D11487B31E9F200D00984B0E /* Release */ = {
			isa = XCBuildConfiguration;
			baseConfigurationReference = DCAB40A8C2324894E2D0061A /* Pods-TaigaMobile.release.xcconfig */;
			buildSettings = {
				ASSETCATALOG_COMPILER_APPICON_NAME = AppIcon;
				INFOPLIST_FILE = TaigaMobile/Info.plist;
				IPHONEOS_DEPLOYMENT_TARGET = 10.0;
				LD_RUNPATH_SEARCH_PATHS = "$(inherited) @executable_path/Frameworks";
				PRODUCT_BUNDLE_IDENTIFIER = an.TaigaMobile;
				PRODUCT_NAME = "$(TARGET_NAME)";
				SWIFT_VERSION = 3.0;
			};
			name = Release;
		};
/* End XCBuildConfiguration section */

/* Begin XCConfigurationList section */
		D114879A1E9F200D00984B0E /* Build configuration list for PBXProject "TaigaMobile" */ = {
			isa = XCConfigurationList;
			buildConfigurations = (
				D11487AF1E9F200D00984B0E /* Debug */,
				D11487B01E9F200D00984B0E /* Release */,
			);
			defaultConfigurationIsVisible = 0;
			defaultConfigurationName = Release;
		};
		D11487B11E9F200D00984B0E /* Build configuration list for PBXNativeTarget "TaigaMobile" */ = {
			isa = XCConfigurationList;
			buildConfigurations = (
				D11487B21E9F200D00984B0E /* Debug */,
				D11487B31E9F200D00984B0E /* Release */,
			);
			defaultConfigurationIsVisible = 0;
			defaultConfigurationName = Release;
		};
/* End XCConfigurationList section */
	};
	rootObject = D11487971E9F200C00984B0E /* Project object */;
}
